PODS:
  - "connectedmotion_ffi (0.0.1+1)":
    - Flutter
    - OpenCV (= 4.3.0)
  - Flutter (1.0.0)
  - integration_test (0.0.1):
    - Flutter
  - OpenCV (4.3.0)

DEPENDENCIES:
  - connectedmotion_ffi (from `.symlinks/plugins/connectedmotion_ffi/ios`)
  - Flutter (from `Flutter`)
  - integration_test (from `.symlinks/plugins/integration_test/ios`)

SPEC REPOS:
  trunk:
    - OpenCV

EXTERNAL SOURCES:
  connectedmotion_ffi:
    :path: ".symlinks/plugins/connectedmotion_ffi/ios"
  Flutter:
    :path: Flutter
  integration_test:
    :path: ".symlinks/plugins/integration_test/ios"

SPEC CHECKSUMS:
  connectedmotion_ffi: 45f42f999e644bdaa30f2614ebb67332d739d5bb
  Flutter: e0871f40cf51350855a761d2e70bf5af5b9b5de7
  integration_test: 252f60fa39af5e17c3aa9899d35d908a0721b573
  OpenCV: 681e0451c1e54c5930a8922277f817ed5d5ab459

PODFILE CHECKSUM: f7f6d3c84da85494a07a2c89c0ca962b99ea1049

COCOAPODS: 1.16.2
